
Microsoft Visual Studio Solution File, Format Version 12.00
# Visual Studio 2013
VisualStudioVersion = 12.0.40121.0
MinimumVisualStudioVersion = 10.0.40219.1
Project("{2150E333-8FDC-42A3-9474-1A3956D46DE8}") = "Solution Items", "Solution Items", "{CB2BC77B-C229-43B9-AAAB-87629E5C3348}"
	ProjectSection(SolutionItems) = preProject
		.gitattributes = .gitattributes
		.gitignore = .gitignore
		Gruntfile.js = Gruntfile.js
		karma.config.js = karma.config.js
		main.js = main.js
		package.json = package.json
		README.md = README.md
	EndProjectSection
EndProject
Project("{2150E333-8FDC-42A3-9474-1A3956D46DE8}") = "test", "test", "{EC5336A4-4CF9-40CD-A151-6294B88C346A}"
	ProjectSection(SolutionItems) = preProject
		test\test-main.js = test\test-main.js
	EndProjectSection
EndProject
Project("{2150E333-8FDC-42A3-9474-1A3956D46DE8}") = "js", "js", "{7602C1B3-CE89-4AC5-BD93-71298D42AE5B}"
	ProjectSection(SolutionItems) = preProject
		js\elevator-request.js = js\elevator-request.js
		js\floor-request.js = js\floor-request.js
		js\main.js = js\main.js
		js\request-interface.js = js\request-interface.js
	EndProjectSection
EndProject
Project("{2150E333-8FDC-42A3-9474-1A3956D46DE8}") = "utils", "utils", "{5DF10F21-2EC1-42B1-96C8-E54BC26D39B5}"
	ProjectSection(SolutionItems) = preProject
		js\utils\build-message.js = js\utils\build-message.js
	EndProjectSection
EndProject
Global
	GlobalSection(SolutionProperties) = preSolution
		HideSolutionNode = FALSE
	EndGlobalSection
	GlobalSection(NestedProjects) = preSolution
		{EC5336A4-4CF9-40CD-A151-6294B88C346A} = {CB2BC77B-C229-43B9-AAAB-87629E5C3348}
		{7602C1B3-CE89-4AC5-BD93-71298D42AE5B} = {CB2BC77B-C229-43B9-AAAB-87629E5C3348}
		{5DF10F21-2EC1-42B1-96C8-E54BC26D39B5} = {7602C1B3-CE89-4AC5-BD93-71298D42AE5B}
	EndGlobalSection
EndGlobal
