
Microsoft Visual Studio Solution File, Format Version 12.00
# Visual Studio 2013
VisualStudioVersion = 12.0.40121.0
MinimumVisualStudioVersion = 10.0.40219.1
Project("{2150E333-8FDC-42A3-9474-1A3956D46DE8}") = "Solution Items", "Solution Items", "{329FAF31-AF65-4ED5-97C5-50ABE2DBC2A1}"
	ProjectSection(SolutionItems) = preProject
		..\.gitattributes = ..\.gitattributes
		..\.gitignore = ..\.gitignore
		..\Gruntfile.js = ..\Gruntfile.js
		..\karma.config.js = ..\karma.config.js
		..\main.js = ..\main.js
		..\package.json = ..\package.json
		..\README.md = ..\README.md
	EndProjectSection
EndProject
Project("{2150E333-8FDC-42A3-9474-1A3956D46DE8}") = "test", "test", "{A4047291-B628-446D-A8EC-4D26AD7B5E91}"
	ProjectSection(SolutionItems) = preProject
		..\test\test-main.js = ..\test\test-main.js
	EndProjectSection
EndProject
Project("{2150E333-8FDC-42A3-9474-1A3956D46DE8}") = "js", "js", "{3B3DA6F7-A608-4F55-8A6A-6427D1166B86}"
	ProjectSection(SolutionItems) = preProject
		..\js\elevator-request.js = ..\js\elevator-request.js
		..\js\floor-request.js = ..\js\floor-request.js
		..\js\main.js = ..\js\main.js
		..\js\request-interface.js = ..\js\request-interface.js
	EndProjectSection
EndProject
Project("{2150E333-8FDC-42A3-9474-1A3956D46DE8}") = "utils", "utils", "{63046AB4-75C0-44EA-BFE0-6E3DADCD54F5}"
	ProjectSection(SolutionItems) = preProject
		..\js\utils\build-message.js = ..\js\utils\build-message.js
	EndProjectSection
EndProject
Global
	GlobalSection(SolutionProperties) = preSolution
		HideSolutionNode = FALSE
	EndGlobalSection
	GlobalSection(NestedProjects) = preSolution
		{A4047291-B628-446D-A8EC-4D26AD7B5E91} = {329FAF31-AF65-4ED5-97C5-50ABE2DBC2A1}
		{3B3DA6F7-A608-4F55-8A6A-6427D1166B86} = {329FAF31-AF65-4ED5-97C5-50ABE2DBC2A1}
		{63046AB4-75C0-44EA-BFE0-6E3DADCD54F5} = {3B3DA6F7-A608-4F55-8A6A-6427D1166B86}
	EndGlobalSection
EndGlobal
